
Microsoft Visual Studio Solution File, Format Version 12.00
# Visual Studio Version 17
VisualStudioVersion = 17.0.31903.59
MinimumVisualStudioVersion = 10.0.40219.1
Project("{2150E333-8FDC-42A3-9474-1A3956D46DE8}") = "src", "src", "{827E0CD3-B72D-47B6-A68D-7590B98EB39B}"
EndProject
Project("{FAE04EC0-301F-11D3-BF4B-00C04F79EFBC}") = "MtgDeckLab.API", "src\MtgDeckLab.API\MtgDeckLab.API.csproj", "{81894360-AAB0-48EE-85F9-EFA326639F71}"
EndProject
Project("{FAE04EC0-301F-11D3-BF4B-00C04F79EFBC}") = "MtgDeckLab.Application", "src\MtgDeckLab.Application\MtgDeckLab.Application.csproj", "{82FEE23B-E837-4215-BDD9-30793F990D53}"
EndProject
Project("{FAE04EC0-301F-11D3-BF4B-00C04F79EFBC}") = "MtgDeckLab.Domain", "src\MtgDeckLab.Domain\MtgDeckLab.Domain.csproj", "{CFACFAF3-5956-46BA-84E0-4462E56C06EC}"
EndProject
Project("{FAE04EC0-301F-11D3-BF4B-00C04F79EFBC}") = "MtgDeckLab.Infrastructure", "src\MtgDeckLab.Infrastructure\MtgDeckLab.Infrastructure.csproj", "{8A79511B-876A-4628-AA62-1A38A27F5332}"
EndProject
Project("{FAE04EC0-301F-11D3-BF4B-00C04F79EFBC}") = "MtgDeckLab.Engine", "src\MtgDeckLab.Engine\MtgDeckLab.Engine.csproj", "{9F292887-B41A-4F9F-9DD4-08C739BA4BA4}"
EndProject
Project("{2150E333-8FDC-42A3-9474-1A3956D46DE8}") = "tests", "tests", "{0AB3BF05-4346-4AA6-1389-037BE0695223}"
EndProject
Project("{FAE04EC0-301F-11D3-BF4B-00C04F79EFBC}") = "MtgDeckLab.Domain.Tests", "tests\MtgDeckLab.Domain.Tests\MtgDeckLab.Domain.Tests.csproj", "{C83933BA-C5A4-42EF-9BE4-9E69600D738A}"
EndProject
Project("{FAE04EC0-301F-11D3-BF4B-00C04F79EFBC}") = "MtgDeckLab.Engine.Tests", "tests\MtgDeckLab.Engine.Tests\MtgDeckLab.Engine.Tests.csproj", "{63988123-C4D3-46CE-BA6E-49F310F74C09}"
EndProject
Project("{FAE04EC0-301F-11D3-BF4B-00C04F79EFBC}") = "MtgDeckLab.API.Tests", "tests\MtgDeckLab.API.Tests\MtgDeckLab.API.Tests.csproj", "{755CB1C7-8A32-4C9B-A559-E7428B40113E}"
EndProject
Global
	GlobalSection(SolutionConfigurationPlatforms) = preSolution
		Debug|Any CPU = Debug|Any CPU
		Debug|x64 = Debug|x64
		Debug|x86 = Debug|x86
		Release|Any CPU = Release|Any CPU
		Release|x64 = Release|x64
		Release|x86 = Release|x86
	EndGlobalSection
	GlobalSection(ProjectConfigurationPlatforms) = postSolution
		{81894360-AAB0-48EE-85F9-EFA326639F71}.Debug|Any CPU.ActiveCfg = Debug|Any CPU
		{81894360-AAB0-48EE-85F9-EFA326639F71}.Debug|Any CPU.Build.0 = Debug|Any CPU
		{81894360-AAB0-48EE-85F9-EFA326639F71}.Debug|x64.ActiveCfg = Debug|Any CPU
		{81894360-AAB0-48EE-85F9-EFA326639F71}.Debug|x64.Build.0 = Debug|Any CPU
		{81894360-AAB0-48EE-85F9-EFA326639F71}.Debug|x86.ActiveCfg = Debug|Any CPU
		{81894360-AAB0-48EE-85F9-EFA326639F71}.Debug|x86.Build.0 = Debug|Any CPU
		{81894360-AAB0-48EE-85F9-EFA326639F71}.Release|Any CPU.ActiveCfg = Release|Any CPU
		{81894360-AAB0-48EE-85F9-EFA326639F71}.Release|Any CPU.Build.0 = Release|Any CPU
		{81894360-AAB0-48EE-85F9-EFA326639F71}.Release|x64.ActiveCfg = Release|Any CPU
		{81894360-AAB0-48EE-85F9-EFA326639F71}.Release|x64.Build.0 = Release|Any CPU
		{81894360-AAB0-48EE-85F9-EFA326639F71}.Release|x86.ActiveCfg = Release|Any CPU
		{81894360-AAB0-48EE-85F9-EFA326639F71}.Release|x86.Build.0 = Release|Any CPU
		{82FEE23B-E837-4215-BDD9-30793F990D53}.Debug|Any CPU.ActiveCfg = Debug|Any CPU
		{82FEE23B-E837-4215-BDD9-30793F990D53}.Debug|Any CPU.Build.0 = Debug|Any CPU
		{82FEE23B-E837-4215-BDD9-30793F990D53}.Debug|x64.ActiveCfg = Debug|Any CPU
		{82FEE23B-E837-4215-BDD9-30793F990D53}.Debug|x64.Build.0 = Debug|Any CPU
		{82FEE23B-E837-4215-BDD9-30793F990D53}.Debug|x86.ActiveCfg = Debug|Any CPU
		{82FEE23B-E837-4215-BDD9-30793F990D53}.Debug|x86.Build.0 = Debug|Any CPU
		{82FEE23B-E837-4215-BDD9-30793F990D53}.Release|Any CPU.ActiveCfg = Release|Any CPU
		{82FEE23B-E837-4215-BDD9-30793F990D53}.Release|Any CPU.Build.0 = Release|Any CPU
		{82FEE23B-E837-4215-BDD9-30793F990D53}.Release|x64.ActiveCfg = Release|Any CPU
		{82FEE23B-E837-4215-BDD9-30793F990D53}.Release|x64.Build.0 = Release|Any CPU
		{82FEE23B-E837-4215-BDD9-30793F990D53}.Release|x86.ActiveCfg = Release|Any CPU
		{82FEE23B-E837-4215-BDD9-30793F990D53}.Release|x86.Build.0 = Release|Any CPU
		{CFACFAF3-5956-46BA-84E0-4462E56C06EC}.Debug|Any CPU.ActiveCfg = Debug|Any CPU
		{CFACFAF3-5956-46BA-84E0-4462E56C06EC}.Debug|Any CPU.Build.0 = Debug|Any CPU
		{CFACFAF3-5956-46BA-84E0-4462E56C06EC}.Debug|x64.ActiveCfg = Debug|Any CPU
		{CFACFAF3-5956-46BA-84E0-4462E56C06EC}.Debug|x64.Build.0 = Debug|Any CPU
		{CFACFAF3-5956-46BA-84E0-4462E56C06EC}.Debug|x86.ActiveCfg = Debug|Any CPU
		{CFACFAF3-5956-46BA-84E0-4462E56C06EC}.Debug|x86.Build.0 = Debug|Any CPU
		{CFACFAF3-5956-46BA-84E0-4462E56C06EC}.Release|Any CPU.ActiveCfg = Release|Any CPU
		{CFACFAF3-5956-46BA-84E0-4462E56C06EC}.Release|Any CPU.Build.0 = Release|Any CPU
		{CFACFAF3-5956-46BA-84E0-4462E56C06EC}.Release|x64.ActiveCfg = Release|Any CPU
		{CFACFAF3-5956-46BA-84E0-4462E56C06EC}.Release|x64.Build.0 = Release|Any CPU
		{CFACFAF3-5956-46BA-84E0-4462E56C06EC}.Release|x86.ActiveCfg = Release|Any CPU
		{CFACFAF3-5956-46BA-84E0-4462E56C06EC}.Release|x86.Build.0 = Release|Any CPU
		{8A79511B-876A-4628-AA62-1A38A27F5332}.Debug|Any CPU.ActiveCfg = Debug|Any CPU
		{8A79511B-876A-4628-AA62-1A38A27F5332}.Debug|Any CPU.Build.0 = Debug|Any CPU
		{8A79511B-876A-4628-AA62-1A38A27F5332}.Debug|x64.ActiveCfg = Debug|Any CPU
		{8A79511B-876A-4628-AA62-1A38A27F5332}.Debug|x64.Build.0 = Debug|Any CPU
		{8A79511B-876A-4628-AA62-1A38A27F5332}.Debug|x86.ActiveCfg = Debug|Any CPU
		{8A79511B-876A-4628-AA62-1A38A27F5332}.Debug|x86.Build.0 = Debug|Any CPU
		{8A79511B-876A-4628-AA62-1A38A27F5332}.Release|Any CPU.ActiveCfg = Release|Any CPU
		{8A79511B-876A-4628-AA62-1A38A27F5332}.Release|Any CPU.Build.0 = Release|Any CPU
		{8A79511B-876A-4628-AA62-1A38A27F5332}.Release|x64.ActiveCfg = Release|Any CPU
		{8A79511B-876A-4628-AA62-1A38A27F5332}.Release|x64.Build.0 = Release|Any CPU
		{8A79511B-876A-4628-AA62-1A38A27F5332}.Release|x86.ActiveCfg = Release|Any CPU
		{8A79511B-876A-4628-AA62-1A38A27F5332}.Release|x86.Build.0 = Release|Any CPU
		{9F292887-B41A-4F9F-9DD4-08C739BA4BA4}.Debug|Any CPU.ActiveCfg = Debug|Any CPU
		{9F292887-B41A-4F9F-9DD4-08C739BA4BA4}.Debug|Any CPU.Build.0 = Debug|Any CPU
		{9F292887-B41A-4F9F-9DD4-08C739BA4BA4}.Debug|x64.ActiveCfg = Debug|Any CPU
		{9F292887-B41A-4F9F-9DD4-08C739BA4BA4}.Debug|x64.Build.0 = Debug|Any CPU
		{9F292887-B41A-4F9F-9DD4-08C739BA4BA4}.Debug|x86.ActiveCfg = Debug|Any CPU
		{9F292887-B41A-4F9F-9DD4-08C739BA4BA4}.Debug|x86.Build.0 = Debug|Any CPU
		{9F292887-B41A-4F9F-9DD4-08C739BA4BA4}.Release|Any CPU.ActiveCfg = Release|Any CPU
		{9F292887-B41A-4F9F-9DD4-08C739BA4BA4}.Release|Any CPU.Build.0 = Release|Any CPU
		{9F292887-B41A-4F9F-9DD4-08C739BA4BA4}.Release|x64.ActiveCfg = Release|Any CPU
		{9F292887-B41A-4F9F-9DD4-08C739BA4BA4}.Release|x64.Build.0 = Release|Any CPU
		{9F292887-B41A-4F9F-9DD4-08C739BA4BA4}.Release|x86.ActiveCfg = Release|Any CPU
		{9F292887-B41A-4F9F-9DD4-08C739BA4BA4}.Release|x86.Build.0 = Release|Any CPU
		{C83933BA-C5A4-42EF-9BE4-9E69600D738A}.Debug|Any CPU.ActiveCfg = Debug|Any CPU
		{C83933BA-C5A4-42EF-9BE4-9E69600D738A}.Debug|Any CPU.Build.0 = Debug|Any CPU
		{C83933BA-C5A4-42EF-9BE4-9E69600D738A}.Debug|x64.ActiveCfg = Debug|Any CPU
		{C83933BA-C5A4-42EF-9BE4-9E69600D738A}.Debug|x64.Build.0 = Debug|Any CPU
		{C83933BA-C5A4-42EF-9BE4-9E69600D738A}.Debug|x86.ActiveCfg = Debug|Any CPU
		{C83933BA-C5A4-42EF-9BE4-9E69600D738A}.Debug|x86.Build.0 = Debug|Any CPU
		{C83933BA-C5A4-42EF-9BE4-9E69600D738A}.Release|Any CPU.ActiveCfg = Release|Any CPU
		{C83933BA-C5A4-42EF-9BE4-9E69600D738A}.Release|Any CPU.Build.0 = Release|Any CPU
		{C83933BA-C5A4-42EF-9BE4-9E69600D738A}.Release|x64.ActiveCfg = Release|Any CPU
		{C83933BA-C5A4-42EF-9BE4-9E69600D738A}.Release|x64.Build.0 = Release|Any CPU
		{C83933BA-C5A4-42EF-9BE4-9E69600D738A}.Release|x86.ActiveCfg = Release|Any CPU
		{C83933BA-C5A4-42EF-9BE4-9E69600D738A}.Release|x86.Build.0 = Release|Any CPU
		{63988123-C4D3-46CE-BA6E-49F310F74C09}.Debug|Any CPU.ActiveCfg = Debug|Any CPU
		{63988123-C4D3-46CE-BA6E-49F310F74C09}.Debug|Any CPU.Build.0 = Debug|Any CPU
		{63988123-C4D3-46CE-BA6E-49F310F74C09}.Debug|x64.ActiveCfg = Debug|Any CPU
		{63988123-C4D3-46CE-BA6E-49F310F74C09}.Debug|x64.Build.0 = Debug|Any CPU
		{63988123-C4D3-46CE-BA6E-49F310F74C09}.Debug|x86.ActiveCfg = Debug|Any CPU
		{63988123-C4D3-46CE-BA6E-49F310F74C09}.Debug|x86.Build.0 = Debug|Any CPU
		{63988123-C4D3-46CE-BA6E-49F310F74C09}.Release|Any CPU.ActiveCfg = Release|Any CPU
		{63988123-C4D3-46CE-BA6E-49F310F74C09}.Release|Any CPU.Build.0 = Release|Any CPU
		{63988123-C4D3-46CE-BA6E-49F310F74C09}.Release|x64.ActiveCfg = Release|Any CPU
		{63988123-C4D3-46CE-BA6E-49F310F74C09}.Release|x64.Build.0 = Release|Any CPU
		{63988123-C4D3-46CE-BA6E-49F310F74C09}.Release|x86.ActiveCfg = Release|Any CPU
		{63988123-C4D3-46CE-BA6E-49F310F74C09}.Release|x86.Build.0 = Release|Any CPU
		{755CB1C7-8A32-4C9B-A559-E7428B40113E}.Debug|Any CPU.ActiveCfg = Debug|Any CPU
		{755CB1C7-8A32-4C9B-A559-E7428B40113E}.Debug|Any CPU.Build.0 = Debug|Any CPU
		{755CB1C7-8A32-4C9B-A559-E7428B40113E}.Debug|x64.ActiveCfg = Debug|Any CPU
		{755CB1C7-8A32-4C9B-A559-E7428B40113E}.Debug|x64.Build.0 = Debug|Any CPU
		{755CB1C7-8A32-4C9B-A559-E7428B40113E}.Debug|x86.ActiveCfg = Debug|Any CPU
		{755CB1C7-8A32-4C9B-A559-E7428B40113E}.Debug|x86.Build.0 = Debug|Any CPU
		{755CB1C7-8A32-4C9B-A559-E7428B40113E}.Release|Any CPU.ActiveCfg = Release|Any CPU
		{755CB1C7-8A32-4C9B-A559-E7428B40113E}.Release|Any CPU.Build.0 = Release|Any CPU
		{755CB1C7-8A32-4C9B-A559-E7428B40113E}.Release|x64.ActiveCfg = Release|Any CPU
		{755CB1C7-8A32-4C9B-A559-E7428B40113E}.Release|x64.Build.0 = Release|Any CPU
		{755CB1C7-8A32-4C9B-A559-E7428B40113E}.Release|x86.ActiveCfg = Release|Any CPU
		{755CB1C7-8A32-4C9B-A559-E7428B40113E}.Release|x86.Build.0 = Release|Any CPU
	EndGlobalSection
	GlobalSection(SolutionProperties) = preSolution
		HideSolutionNode = FALSE
	EndGlobalSection
	GlobalSection(NestedProjects) = preSolution
		{81894360-AAB0-48EE-85F9-EFA326639F71} = {827E0CD3-B72D-47B6-A68D-7590B98EB39B}
		{82FEE23B-E837-4215-BDD9-30793F990D53} = {827E0CD3-B72D-47B6-A68D-7590B98EB39B}
		{CFACFAF3-5956-46BA-84E0-4462E56C06EC} = {827E0CD3-B72D-47B6-A68D-7590B98EB39B}
		{8A79511B-876A-4628-AA62-1A38A27F5332} = {827E0CD3-B72D-47B6-A68D-7590B98EB39B}
		{9F292887-B41A-4F9F-9DD4-08C739BA4BA4} = {827E0CD3-B72D-47B6-A68D-7590B98EB39B}
		{C83933BA-C5A4-42EF-9BE4-9E69600D738A} = {0AB3BF05-4346-4AA6-1389-037BE0695223}
		{63988123-C4D3-46CE-BA6E-49F310F74C09} = {0AB3BF05-4346-4AA6-1389-037BE0695223}
		{755CB1C7-8A32-4C9B-A559-E7428B40113E} = {0AB3BF05-4346-4AA6-1389-037BE0695223}
	EndGlobalSection
EndGlobal
